
Microsoft Visual Studio Solution File, Format Version 12.00
# Visual Studio Version 16
VisualStudioVersion = 16.0.31624.102
MinimumVisualStudioVersion = 10.0.40219.1
Project("{FAE04EC0-301F-11D3-BF4B-00C04F79EFBC}") = "D2774A_FelevesFeladat", "D2774A_FelevesFeladat\D2774A_FelevesFeladat.csproj", "{DE90DA3B-1DF3-48B6-B54A-041763807440}"
EndProject
Global
	GlobalSection(SolutionConfigurationPlatforms) = preSolution
		Debug|Any CPU = Debug|Any CPU
		Release|Any CPU = Release|Any CPU
	EndGlobalSection
	GlobalSection(ProjectConfigurationPlatforms) = postSolution
		{DE90DA3B-1DF3-48B6-B54A-041763807440}.Debug|Any CPU.ActiveCfg = Debug|Any CPU
		{DE90DA3B-1DF3-48B6-B54A-041763807440}.Debug|Any CPU.Build.0 = Debug|Any CPU
		{DE90DA3B-1DF3-48B6-B54A-041763807440}.Release|Any CPU.ActiveCfg = Release|Any CPU
		{DE90DA3B-1DF3-48B6-B54A-041763807440}.Release|Any CPU.Build.0 = Release|Any CPU
	EndGlobalSection
	GlobalSection(SolutionProperties) = preSolution
		HideSolutionNode = FALSE
	EndGlobalSection
	GlobalSection(ExtensibilityGlobals) = postSolution
		SolutionGuid = {8928C54D-239C-4273-9D2B-2436EEC857CF}
	EndGlobalSection
EndGlobal
